
Microsoft Visual Studio Solution File, Format Version 12.00
# Visual Studio Version 17
VisualStudioVersion = 17.0.32112.339
MinimumVisualStudioVersion = 10.0.40219.1
Project("{9A19103F-16F7-4668-BE54-9A1E7A4F7556}") = "CoolNetBlog", "CoolNetBlog\CoolNetBlog.csproj", "{9138E48D-6404-4DBE-8DA4-5F42EDCC7EEC}"
EndProject
Project("{9A19103F-16F7-4668-BE54-9A1E7A4F7556}") = "ComponentsServices", "ComponentsServices\ComponentsServices.csproj", "{833B99EC-80AD-4FDA-9361-45B76338732F}"
EndProject
Project("{9A19103F-16F7-4668-BE54-9A1E7A4F7556}") = "CommonObject", "CommonObject\CommonObject.csproj", "{503CC776-7BA0-4E9D-A18A-C6AD4BB69536}"
EndProject
Global
	GlobalSection(SolutionConfigurationPlatforms) = preSolution
		Debug|Any CPU = Debug|Any CPU
		Release|Any CPU = Release|Any CPU
	EndGlobalSection
	GlobalSection(ProjectConfigurationPlatforms) = postSolution
		{9138E48D-6404-4DBE-8DA4-5F42EDCC7EEC}.Debug|Any CPU.ActiveCfg = Debug|Any CPU
		{9138E48D-6404-4DBE-8DA4-5F42EDCC7EEC}.Debug|Any CPU.Build.0 = Debug|Any CPU
		{9138E48D-6404-4DBE-8DA4-5F42EDCC7EEC}.Release|Any CPU.ActiveCfg = Release|Any CPU
		{9138E48D-6404-4DBE-8DA4-5F42EDCC7EEC}.Release|Any CPU.Build.0 = Release|Any CPU
		{833B99EC-80AD-4FDA-9361-45B76338732F}.Debug|Any CPU.ActiveCfg = Debug|Any CPU
		{833B99EC-80AD-4FDA-9361-45B76338732F}.Debug|Any CPU.Build.0 = Debug|Any CPU
		{833B99EC-80AD-4FDA-9361-45B76338732F}.Release|Any CPU.ActiveCfg = Release|Any CPU
		{833B99EC-80AD-4FDA-9361-45B76338732F}.Release|Any CPU.Build.0 = Release|Any CPU
		{503CC776-7BA0-4E9D-A18A-C6AD4BB69536}.Debug|Any CPU.ActiveCfg = Debug|Any CPU
		{503CC776-7BA0-4E9D-A18A-C6AD4BB69536}.Debug|Any CPU.Build.0 = Debug|Any CPU
		{503CC776-7BA0-4E9D-A18A-C6AD4BB69536}.Release|Any CPU.ActiveCfg = Release|Any CPU
		{503CC776-7BA0-4E9D-A18A-C6AD4BB69536}.Release|Any CPU.Build.0 = Release|Any CPU
	EndGlobalSection
	GlobalSection(SolutionProperties) = preSolution
		HideSolutionNode = FALSE
	EndGlobalSection
	GlobalSection(ExtensibilityGlobals) = postSolution
		SolutionGuid = {547104F5-8DA4-4081-8486-9AE51877DCD4}
	EndGlobalSection
EndGlobal
